Microsoft Visual Studio Solution File, Format Version 11.00
# Visual Studio 2010
Project("{2150E333-8FDC-42A3-9474-1A3956D46DE8}") = "(gyp)", "..\v8\tools\gyp", "{7FAA885C-04CF-4C6B-16F0-E9F0B44641AF}"
EndProject
Project("{2150E333-8FDC-42A3-9474-1A3956D46DE8}") = "(icu)", "..\v8\third_party\icu", "{D4B5C02C-05F2-7D76-2F11-5BE68C1A2D89}"
EndProject
Project("{2150E333-8FDC-42A3-9474-1A3956D46DE8}") = "(samples)", ".", "{F3BC0D42-B0CF-B5A5-CB24-2A332226E744}"
EndProject
Project("{2150E333-8FDC-42A3-9474-1A3956D46DE8}") = "(third_party)", "..\v8\third_party", "{40CA7285-F0D3-E173-EC78-70644B0D87EB}"
EndProject
Project("{2150E333-8FDC-42A3-9474-1A3956D46DE8}") = "(tools)", "..\v8\tools", "{E95778BD-E4AC-C3D0-84EF-83684E04593A}"
EndProject
Project("{2150E333-8FDC-42A3-9474-1A3956D46DE8}") = "(v8)", "..\v8", "{F3545621-A177-A1E7-26DB-108FF716F075}"
EndProject
Project("{8BC9CEB8-8B4A-11D0-8D11-00A0C91BC942}") = "fdrm", "..\fdrm.vcxproj", "{82335C0C-848C-F9D7-FE18-4357C0FB9192}"
EndProject
Project("{8BC9CEB8-8B4A-11D0-8D11-00A0C91BC942}") = "formfiller", "..\formfiller.vcxproj", "{2AEF96BE-9D33-2D7F-61A1-FD5958F01CF8}"
EndProject
Project("{8BC9CEB8-8B4A-11D0-8D11-00A0C91BC942}") = "fpdfapi", "..\fpdfapi.vcxproj", "{A290054E-6CD0-53F7-4C61-94C7143A66E9}"
EndProject
Project("{8BC9CEB8-8B4A-11D0-8D11-00A0C91BC942}") = "fpdfdoc", "..\fpdfdoc.vcxproj", "{1E62362C-13DD-EE9A-3208-8A3AA5344A02}"
EndProject
Project("{8BC9CEB8-8B4A-11D0-8D11-00A0C91BC942}") = "fpdftext", "..\fpdftext.vcxproj", "{64E4627B-4002-3078-2E3A-1110D94E126E}"
EndProject
Project("{8BC9CEB8-8B4A-11D0-8D11-00A0C91BC942}") = "fxcodec", "..\fxcodec.vcxproj", "{1B482228-31C4-25F8-B9D9-B957BAA739F0}"
EndProject
Project("{8BC9CEB8-8B4A-11D0-8D11-00A0C91BC942}") = "fxcrt", "..\fxcrt.vcxproj", "{494ADDDF-5D5D-1692-14BD-5EC03FCAF79B}"
EndProject
Project("{8BC9CEB8-8B4A-11D0-8D11-00A0C91BC942}") = "fxedit", "..\fxedit.vcxproj", "{17296836-B767-9159-CFE6-7F7DB4C44E65}"
EndProject
Project("{8BC9CEB8-8B4A-11D0-8D11-00A0C91BC942}") = "fxge", "..\fxge.vcxproj", "{714063B7-4B8B-4D51-ABBE-2D7649A85C8F}"
EndProject
Project("{8BC9CEB8-8B4A-11D0-8D11-00A0C91BC942}") = "icudata", "..\v8\third_party\icu\icudata.vcxproj", "{690D3A2C-20DB-3375-EDAE-F14F74A7BFD3}"
EndProject
Project("{8BC9CEB8-8B4A-11D0-8D11-00A0C91BC942}") = "icui18n", "..\v8\third_party\icu\icui18n.vcxproj", "{9EA0716A-8BEA-F2D2-2C43-B60662949E66}"
EndProject
Project("{8BC9CEB8-8B4A-11D0-8D11-00A0C91BC942}") = "icuuc", "..\v8\third_party\icu\icuuc.vcxproj", "{954F4321-D54D-31AD-4BEA-7204E7CB4D05}"
	ProjectSection(ProjectDependencies) = postProject
		{690D3A2C-20DB-3375-EDAE-F14F74A7BFD3} = {690D3A2C-20DB-3375-EDAE-F14F74A7BFD3}
	EndProjectSection
EndProject
Project("{8BC9CEB8-8B4A-11D0-8D11-00A0C91BC942}") = "javascript", "..\javascript.vcxproj", "{5CFDE106-338E-8DE3-BA1E-6BEB85AD39AB}"
	ProjectSection(ProjectDependencies) = postProject
		{90D88F34-E217-7429-765B-B01BBC2ED92B} = {90D88F34-E217-7429-765B-B01BBC2ED92B}
	EndProjectSection
EndProject
Project("{8BC9CEB8-8B4A-11D0-8D11-00A0C91BC942}") = "js2c", "..\v8\tools\gyp\js2c.vcxproj", "{C1ACF71D-EBC0-A9D0-9C10-1DE9501CC610}"
EndProject
Project("{8BC9CEB8-8B4A-11D0-8D11-00A0C91BC942}") = "jsapi", "..\jsapi.vcxproj", "{3F9E002C-3405-7B69-A4D9-ABC88524A275}"
	ProjectSection(ProjectDependencies) = postProject
		{90D88F34-E217-7429-765B-B01BBC2ED92B} = {90D88F34-E217-7429-765B-B01BBC2ED92B}
	EndProjectSection
EndProject
Project("{8BC9CEB8-8B4A-11D0-8D11-00A0C91BC942}") = "mksnapshot", "..\v8\tools\gyp\mksnapshot.vcxproj", "{7E734BB8-5A2D-90CB-742E-ECC50C2429AE}"
	ProjectSection(ProjectDependencies) = postProject
		{46E5974E-4185-4533-825E-B880486FF2B0} = {46E5974E-4185-4533-825E-B880486FF2B0}
		{49C73932-0439-2FE5-4E06-E2862FE3A839} = {49C73932-0439-2FE5-4E06-E2862FE3A839}
		{7D5384DE-246B-75B2-D4B0-E425D65A7097} = {7D5384DE-246B-75B2-D4B0-E425D65A7097}
		{B1BC808C-AA66-2D35-F15A-ABB375E3B0C3} = {B1BC808C-AA66-2D35-F15A-ABB375E3B0C3}
		{9EA0716A-8BEA-F2D2-2C43-B60662949E66} = {9EA0716A-8BEA-F2D2-2C43-B60662949E66}
		{954F4321-D54D-31AD-4BEA-7204E7CB4D05} = {954F4321-D54D-31AD-4BEA-7204E7CB4D05}
		{690D3A2C-20DB-3375-EDAE-F14F74A7BFD3} = {690D3A2C-20DB-3375-EDAE-F14F74A7BFD3}
		{C1ACF71D-EBC0-A9D0-9C10-1DE9501CC610} = {C1ACF71D-EBC0-A9D0-9C10-1DE9501CC610}
	EndProjectSection
EndProject
Project("{8BC9CEB8-8B4A-11D0-8D11-00A0C91BC942}") = "pdfium", "..\pdfium.vcxproj", "{E08F5A2D-6DBC-18FA-37D4-AF2E12F931F5}"
	ProjectSection(ProjectDependencies) = postProject
		{6879D475-CCF6-9A6A-069E-25DEFC349BCB} = {6879D475-CCF6-9A6A-069E-25DEFC349BCB}
	EndProjectSection
EndProject
Project("{8BC9CEB8-8B4A-11D0-8D11-00A0C91BC942}") = "pdfium_test", "pdfium_test.vcxproj", "{A1050AF8-8344-65F3-7084-AD1F61562288}"
	ProjectSection(ProjectDependencies) = postProject
		{E08F5A2D-6DBC-18FA-37D4-AF2E12F931F5} = {E08F5A2D-6DBC-18FA-37D4-AF2E12F931F5}
		{6879D475-CCF6-9A6A-069E-25DEFC349BCB} = {6879D475-CCF6-9A6A-069E-25DEFC349BCB}
		{82335C0C-848C-F9D7-FE18-4357C0FB9192} = {82335C0C-848C-F9D7-FE18-4357C0FB9192}
		{1E62362C-13DD-EE9A-3208-8A3AA5344A02} = {1E62362C-13DD-EE9A-3208-8A3AA5344A02}
		{A290054E-6CD0-53F7-4C61-94C7143A66E9} = {A290054E-6CD0-53F7-4C61-94C7143A66E9}
		{64E4627B-4002-3078-2E3A-1110D94E126E} = {64E4627B-4002-3078-2E3A-1110D94E126E}
		{2AEF96BE-9D33-2D7F-61A1-FD5958F01CF8} = {2AEF96BE-9D33-2D7F-61A1-FD5958F01CF8}
		{1B482228-31C4-25F8-B9D9-B957BAA739F0} = {1B482228-31C4-25F8-B9D9-B957BAA739F0}
		{494ADDDF-5D5D-1692-14BD-5EC03FCAF79B} = {494ADDDF-5D5D-1692-14BD-5EC03FCAF79B}
		{17296836-B767-9159-CFE6-7F7DB4C44E65} = {17296836-B767-9159-CFE6-7F7DB4C44E65}
		{714063B7-4B8B-4D51-ABBE-2D7649A85C8F} = {714063B7-4B8B-4D51-ABBE-2D7649A85C8F}
		{5CFDE106-338E-8DE3-BA1E-6BEB85AD39AB} = {5CFDE106-338E-8DE3-BA1E-6BEB85AD39AB}
		{90D88F34-E217-7429-765B-B01BBC2ED92B} = {90D88F34-E217-7429-765B-B01BBC2ED92B}
		{46E5974E-4185-4533-825E-B880486FF2B0} = {46E5974E-4185-4533-825E-B880486FF2B0}
		{B1BC808C-AA66-2D35-F15A-ABB375E3B0C3} = {B1BC808C-AA66-2D35-F15A-ABB375E3B0C3}
		{9EA0716A-8BEA-F2D2-2C43-B60662949E66} = {9EA0716A-8BEA-F2D2-2C43-B60662949E66}
		{954F4321-D54D-31AD-4BEA-7204E7CB4D05} = {954F4321-D54D-31AD-4BEA-7204E7CB4D05}
		{690D3A2C-20DB-3375-EDAE-F14F74A7BFD3} = {690D3A2C-20DB-3375-EDAE-F14F74A7BFD3}
		{A9917D4D-604F-1862-1B0C-8A8DE1ED02EC} = {A9917D4D-604F-1862-1B0C-8A8DE1ED02EC}
		{C1ACF71D-EBC0-A9D0-9C10-1DE9501CC610} = {C1ACF71D-EBC0-A9D0-9C10-1DE9501CC610}
		{7D5384DE-246B-75B2-D4B0-E425D65A7097} = {7D5384DE-246B-75B2-D4B0-E425D65A7097}
		{3F9E002C-3405-7B69-A4D9-ABC88524A275} = {3F9E002C-3405-7B69-A4D9-ABC88524A275}
		{759B505B-E964-480C-800C-7DC9E259AB53} = {759B505B-E964-480C-800C-7DC9E259AB53}
	EndProjectSection
EndProject
Project("{8BC9CEB8-8B4A-11D0-8D11-00A0C91BC942}") = "pdfwindow", "..\pdfwindow.vcxproj", "{759B505B-E964-480C-800C-7DC9E259AB53}"
EndProject
Project("{8BC9CEB8-8B4A-11D0-8D11-00A0C91BC942}") = "safemath", "..\safemath.vcxproj", "{6879D475-CCF6-9A6A-069E-25DEFC349BCB}"
EndProject
Project("{8BC9CEB8-8B4A-11D0-8D11-00A0C91BC942}") = "v8", "..\v8\tools\gyp\v8.vcxproj", "{90D88F34-E217-7429-765B-B01BBC2ED92B}"
	ProjectSection(ProjectDependencies) = postProject
		{46E5974E-4185-4533-825E-B880486FF2B0} = {46E5974E-4185-4533-825E-B880486FF2B0}
		{A9917D4D-604F-1862-1B0C-8A8DE1ED02EC} = {A9917D4D-604F-1862-1B0C-8A8DE1ED02EC}
	EndProjectSection
EndProject
Project("{8BC9CEB8-8B4A-11D0-8D11-00A0C91BC942}") = "v8_base", "..\v8\tools\gyp\v8_base.vcxproj", "{46E5974E-4185-4533-825E-B880486FF2B0}"
	ProjectSection(ProjectDependencies) = postProject
		{690D3A2C-20DB-3375-EDAE-F14F74A7BFD3} = {690D3A2C-20DB-3375-EDAE-F14F74A7BFD3}
	EndProjectSection
EndProject
Project("{8BC9CEB8-8B4A-11D0-8D11-00A0C91BC942}") = "v8_libbase", "..\v8\tools\gyp\v8_libbase.vcxproj", "{B1BC808C-AA66-2D35-F15A-ABB375E3B0C3}"
EndProject
Project("{8BC9CEB8-8B4A-11D0-8D11-00A0C91BC942}") = "v8_libplatform", "..\v8\tools\gyp\v8_libplatform.vcxproj", "{7D5384DE-246B-75B2-D4B0-E425D65A7097}"
EndProject
Project("{8BC9CEB8-8B4A-11D0-8D11-00A0C91BC942}") = "v8_nosnapshot", "..\v8\tools\gyp\v8_nosnapshot.vcxproj", "{49C73932-0439-2FE5-4E06-E2862FE3A839}"
	ProjectSection(ProjectDependencies) = postProject
		{C1ACF71D-EBC0-A9D0-9C10-1DE9501CC610} = {C1ACF71D-EBC0-A9D0-9C10-1DE9501CC610}
	EndProjectSection
EndProject
Project("{8BC9CEB8-8B4A-11D0-8D11-00A0C91BC942}") = "v8_snapshot", "..\v8\tools\gyp\v8_snapshot.vcxproj", "{A9917D4D-604F-1862-1B0C-8A8DE1ED02EC}"
	ProjectSection(ProjectDependencies) = postProject
		{7E734BB8-5A2D-90CB-742E-ECC50C2429AE} = {7E734BB8-5A2D-90CB-742E-ECC50C2429AE}
		{C1ACF71D-EBC0-A9D0-9C10-1DE9501CC610} = {C1ACF71D-EBC0-A9D0-9C10-1DE9501CC610}
	EndProjectSection
EndProject
Global
	GlobalSection(SolutionConfigurationPlatforms) = preSolution
		Release|x64 = Release|x64
		Debug|Win32 = Debug|Win32
		Debug|x64 = Debug|x64
		Release|Win32 = Release|Win32
	EndGlobalSection
	GlobalSection(ProjectConfigurationPlatforms) = postSolution
		{17296836-B767-9159-CFE6-7F7DB4C44E65}.Release|x64.ActiveCfg = Release|x64
		{17296836-B767-9159-CFE6-7F7DB4C44E65}.Release|x64.Build.0 = Release|x64
		{17296836-B767-9159-CFE6-7F7DB4C44E65}.Debug|Win32.ActiveCfg = Debug|Win32
		{17296836-B767-9159-CFE6-7F7DB4C44E65}.Debug|Win32.Build.0 = Debug|Win32
		{17296836-B767-9159-CFE6-7F7DB4C44E65}.Debug|x64.ActiveCfg = Debug|x64
		{17296836-B767-9159-CFE6-7F7DB4C44E65}.Debug|x64.Build.0 = Debug|x64
		{17296836-B767-9159-CFE6-7F7DB4C44E65}.Release|Win32.ActiveCfg = Release|Win32
		{17296836-B767-9159-CFE6-7F7DB4C44E65}.Release|Win32.Build.0 = Release|Win32
		{1B482228-31C4-25F8-B9D9-B957BAA739F0}.Release|x64.ActiveCfg = Release|x64
		{1B482228-31C4-25F8-B9D9-B957BAA739F0}.Release|x64.Build.0 = Release|x64
		{1B482228-31C4-25F8-B9D9-B957BAA739F0}.Debug|Win32.ActiveCfg = Debug|Win32
		{1B482228-31C4-25F8-B9D9-B957BAA739F0}.Debug|Win32.Build.0 = Debug|Win32
		{1B482228-31C4-25F8-B9D9-B957BAA739F0}.Debug|x64.ActiveCfg = Debug|x64
		{1B482228-31C4-25F8-B9D9-B957BAA739F0}.Debug|x64.Build.0 = Debug|x64
		{1B482228-31C4-25F8-B9D9-B957BAA739F0}.Release|Win32.ActiveCfg = Release|Win32
		{1B482228-31C4-25F8-B9D9-B957BAA739F0}.Release|Win32.Build.0 = Release|Win32
		{1E62362C-13DD-EE9A-3208-8A3AA5344A02}.Release|x64.ActiveCfg = Release|x64
		{1E62362C-13DD-EE9A-3208-8A3AA5344A02}.Release|x64.Build.0 = Release|x64
		{1E62362C-13DD-EE9A-3208-8A3AA5344A02}.Debug|Win32.ActiveCfg = Debug|Win32
		{1E62362C-13DD-EE9A-3208-8A3AA5344A02}.Debug|Win32.Build.0 = Debug|Win32
		{1E62362C-13DD-EE9A-3208-8A3AA5344A02}.Debug|x64.ActiveCfg = Debug|x64
		{1E62362C-13DD-EE9A-3208-8A3AA5344A02}.Debug|x64.Build.0 = Debug|x64
		{1E62362C-13DD-EE9A-3208-8A3AA5344A02}.Release|Win32.ActiveCfg = Release|Win32
		{1E62362C-13DD-EE9A-3208-8A3AA5344A02}.Release|Win32.Build.0 = Release|Win32
		{2AEF96BE-9D33-2D7F-61A1-FD5958F01CF8}.Release|x64.ActiveCfg = Release|x64
		{2AEF96BE-9D33-2D7F-61A1-FD5958F01CF8}.Release|x64.Build.0 = Release|x64
		{2AEF96BE-9D33-2D7F-61A1-FD5958F01CF8}.Debug|Win32.ActiveCfg = Debug|Win32
		{2AEF96BE-9D33-2D7F-61A1-FD5958F01CF8}.Debug|Win32.Build.0 = Debug|Win32
		{2AEF96BE-9D33-2D7F-61A1-FD5958F01CF8}.Debug|x64.ActiveCfg = Debug|x64
		{2AEF96BE-9D33-2D7F-61A1-FD5958F01CF8}.Debug|x64.Build.0 = Debug|x64
		{2AEF96BE-9D33-2D7F-61A1-FD5958F01CF8}.Release|Win32.ActiveCfg = Release|Win32
		{2AEF96BE-9D33-2D7F-61A1-FD5958F01CF8}.Release|Win32.Build.0 = Release|Win32
		{3F9E002C-3405-7B69-A4D9-ABC88524A275}.Release|x64.ActiveCfg = Release|x64
		{3F9E002C-3405-7B69-A4D9-ABC88524A275}.Release|x64.Build.0 = Release|x64
		{3F9E002C-3405-7B69-A4D9-ABC88524A275}.Debug|Win32.ActiveCfg = Debug|Win32
		{3F9E002C-3405-7B69-A4D9-ABC88524A275}.Debug|Win32.Build.0 = Debug|Win32
		{3F9E002C-3405-7B69-A4D9-ABC88524A275}.Debug|x64.ActiveCfg = Debug|x64
		{3F9E002C-3405-7B69-A4D9-ABC88524A275}.Debug|x64.Build.0 = Debug|x64
		{3F9E002C-3405-7B69-A4D9-ABC88524A275}.Release|Win32.ActiveCfg = Release|Win32
		{3F9E002C-3405-7B69-A4D9-ABC88524A275}.Release|Win32.Build.0 = Release|Win32
		{46E5974E-4185-4533-825E-B880486FF2B0}.Release|x64.ActiveCfg = Release|x64
		{46E5974E-4185-4533-825E-B880486FF2B0}.Release|x64.Build.0 = Release|x64
		{46E5974E-4185-4533-825E-B880486FF2B0}.Debug|Win32.ActiveCfg = Debug|Win32
		{46E5974E-4185-4533-825E-B880486FF2B0}.Debug|Win32.Build.0 = Debug|Win32
		{46E5974E-4185-4533-825E-B880486FF2B0}.Debug|x64.ActiveCfg = Debug|x64
		{46E5974E-4185-4533-825E-B880486FF2B0}.Debug|x64.Build.0 = Debug|x64
		{46E5974E-4185-4533-825E-B880486FF2B0}.Release|Win32.ActiveCfg = Release|Win32
		{46E5974E-4185-4533-825E-B880486FF2B0}.Release|Win32.Build.0 = Release|Win32
		{494ADDDF-5D5D-1692-14BD-5EC03FCAF79B}.Release|x64.ActiveCfg = Release|x64
		{494ADDDF-5D5D-1692-14BD-5EC03FCAF79B}.Release|x64.Build.0 = Release|x64
		{494ADDDF-5D5D-1692-14BD-5EC03FCAF79B}.Debug|Win32.ActiveCfg = Debug|Win32
		{494ADDDF-5D5D-1692-14BD-5EC03FCAF79B}.Debug|Win32.Build.0 = Debug|Win32
		{494ADDDF-5D5D-1692-14BD-5EC03FCAF79B}.Debug|x64.ActiveCfg = Debug|x64
		{494ADDDF-5D5D-1692-14BD-5EC03FCAF79B}.Debug|x64.Build.0 = Debug|x64
		{494ADDDF-5D5D-1692-14BD-5EC03FCAF79B}.Release|Win32.ActiveCfg = Release|Win32
		{494ADDDF-5D5D-1692-14BD-5EC03FCAF79B}.Release|Win32.Build.0 = Release|Win32
		{49C73932-0439-2FE5-4E06-E2862FE3A839}.Release|x64.ActiveCfg = Release|x64
		{49C73932-0439-2FE5-4E06-E2862FE3A839}.Release|x64.Build.0 = Release|x64
		{49C73932-0439-2FE5-4E06-E2862FE3A839}.Debug|Win32.ActiveCfg = Debug|Win32
		{49C73932-0439-2FE5-4E06-E2862FE3A839}.Debug|Win32.Build.0 = Debug|Win32
		{49C73932-0439-2FE5-4E06-E2862FE3A839}.Debug|x64.ActiveCfg = Debug|x64
		{49C73932-0439-2FE5-4E06-E2862FE3A839}.Debug|x64.Build.0 = Debug|x64
		{49C73932-0439-2FE5-4E06-E2862FE3A839}.Release|Win32.ActiveCfg = Release|Win32
		{49C73932-0439-2FE5-4E06-E2862FE3A839}.Release|Win32.Build.0 = Release|Win32
		{5CFDE106-338E-8DE3-BA1E-6BEB85AD39AB}.Release|x64.ActiveCfg = Release|x64
		{5CFDE106-338E-8DE3-BA1E-6BEB85AD39AB}.Release|x64.Build.0 = Release|x64
		{5CFDE106-338E-8DE3-BA1E-6BEB85AD39AB}.Debug|Win32.ActiveCfg = Debug|Win32
		{5CFDE106-338E-8DE3-BA1E-6BEB85AD39AB}.Debug|Win32.Build.0 = Debug|Win32
		{5CFDE106-338E-8DE3-BA1E-6BEB85AD39AB}.Debug|x64.ActiveCfg = Debug|x64
		{5CFDE106-338E-8DE3-BA1E-6BEB85AD39AB}.Debug|x64.Build.0 = Debug|x64
		{5CFDE106-338E-8DE3-BA1E-6BEB85AD39AB}.Release|Win32.ActiveCfg = Release|Win32
		{5CFDE106-338E-8DE3-BA1E-6BEB85AD39AB}.Release|Win32.Build.0 = Release|Win32
		{64E4627B-4002-3078-2E3A-1110D94E126E}.Release|x64.ActiveCfg = Release|x64
		{64E4627B-4002-3078-2E3A-1110D94E126E}.Release|x64.Build.0 = Release|x64
		{64E4627B-4002-3078-2E3A-1110D94E126E}.Debug|Win32.ActiveCfg = Debug|Win32
		{64E4627B-4002-3078-2E3A-1110D94E126E}.Debug|Win32.Build.0 = Debug|Win32
		{64E4627B-4002-3078-2E3A-1110D94E126E}.Debug|x64.ActiveCfg = Debug|x64
		{64E4627B-4002-3078-2E3A-1110D94E126E}.Debug|x64.Build.0 = Debug|x64
		{64E4627B-4002-3078-2E3A-1110D94E126E}.Release|Win32.ActiveCfg = Release|Win32
		{64E4627B-4002-3078-2E3A-1110D94E126E}.Release|Win32.Build.0 = Release|Win32
		{6879D475-CCF6-9A6A-069E-25DEFC349BCB}.Release|x64.ActiveCfg = Release|x64
		{6879D475-CCF6-9A6A-069E-25DEFC349BCB}.Release|x64.Build.0 = Release|x64
		{6879D475-CCF6-9A6A-069E-25DEFC349BCB}.Debug|Win32.ActiveCfg = Debug|Win32
		{6879D475-CCF6-9A6A-069E-25DEFC349BCB}.Debug|Win32.Build.0 = Debug|Win32
		{6879D475-CCF6-9A6A-069E-25DEFC349BCB}.Debug|x64.ActiveCfg = Debug|x64
		{6879D475-CCF6-9A6A-069E-25DEFC349BCB}.Debug|x64.Build.0 = Debug|x64
		{6879D475-CCF6-9A6A-069E-25DEFC349BCB}.Release|Win32.ActiveCfg = Release|Win32
		{6879D475-CCF6-9A6A-069E-25DEFC349BCB}.Release|Win32.Build.0 = Release|Win32
		{690D3A2C-20DB-3375-EDAE-F14F74A7BFD3}.Release|x64.ActiveCfg = Release|x64
		{690D3A2C-20DB-3375-EDAE-F14F74A7BFD3}.Release|x64.Build.0 = Release|x64
		{690D3A2C-20DB-3375-EDAE-F14F74A7BFD3}.Debug|Win32.ActiveCfg = Debug|Win32
		{690D3A2C-20DB-3375-EDAE-F14F74A7BFD3}.Debug|Win32.Build.0 = Debug|Win32
		{690D3A2C-20DB-3375-EDAE-F14F74A7BFD3}.Debug|x64.ActiveCfg = Debug|x64
		{690D3A2C-20DB-3375-EDAE-F14F74A7BFD3}.Debug|x64.Build.0 = Debug|x64
		{690D3A2C-20DB-3375-EDAE-F14F74A7BFD3}.Release|Win32.ActiveCfg = Release|Win32
		{690D3A2C-20DB-3375-EDAE-F14F74A7BFD3}.Release|Win32.Build.0 = Release|Win32
		{714063B7-4B8B-4D51-ABBE-2D7649A85C8F}.Release|x64.ActiveCfg = Release|x64
		{714063B7-4B8B-4D51-ABBE-2D7649A85C8F}.Release|x64.Build.0 = Release|x64
		{714063B7-4B8B-4D51-ABBE-2D7649A85C8F}.Debug|Win32.ActiveCfg = Debug|Win32
		{714063B7-4B8B-4D51-ABBE-2D7649A85C8F}.Debug|Win32.Build.0 = Debug|Win32
		{714063B7-4B8B-4D51-ABBE-2D7649A85C8F}.Debug|x64.ActiveCfg = Debug|x64
		{714063B7-4B8B-4D51-ABBE-2D7649A85C8F}.Debug|x64.Build.0 = Debug|x64
		{714063B7-4B8B-4D51-ABBE-2D7649A85C8F}.Release|Win32.ActiveCfg = Release|Win32
		{714063B7-4B8B-4D51-ABBE-2D7649A85C8F}.Release|Win32.Build.0 = Release|Win32
		{759B505B-E964-480C-800C-7DC9E259AB53}.Release|x64.ActiveCfg = Release|x64
		{759B505B-E964-480C-800C-7DC9E259AB53}.Release|x64.Build.0 = Release|x64
		{759B505B-E964-480C-800C-7DC9E259AB53}.Debug|Win32.ActiveCfg = Debug|Win32
		{759B505B-E964-480C-800C-7DC9E259AB53}.Debug|Win32.Build.0 = Debug|Win32
		{759B505B-E964-480C-800C-7DC9E259AB53}.Debug|x64.ActiveCfg = Debug|x64
		{759B505B-E964-480C-800C-7DC9E259AB53}.Debug|x64.Build.0 = Debug|x64
		{759B505B-E964-480C-800C-7DC9E259AB53}.Release|Win32.ActiveCfg = Release|Win32
		{759B505B-E964-480C-800C-7DC9E259AB53}.Release|Win32.Build.0 = Release|Win32
		{7D5384DE-246B-75B2-D4B0-E425D65A7097}.Release|x64.ActiveCfg = Release|x64
		{7D5384DE-246B-75B2-D4B0-E425D65A7097}.Release|x64.Build.0 = Release|x64
		{7D5384DE-246B-75B2-D4B0-E425D65A7097}.Debug|Win32.ActiveCfg = Debug|Win32
		{7D5384DE-246B-75B2-D4B0-E425D65A7097}.Debug|Win32.Build.0 = Debug|Win32
		{7D5384DE-246B-75B2-D4B0-E425D65A7097}.Debug|x64.ActiveCfg = Debug|x64
		{7D5384DE-246B-75B2-D4B0-E425D65A7097}.Debug|x64.Build.0 = Debug|x64
		{7D5384DE-246B-75B2-D4B0-E425D65A7097}.Release|Win32.ActiveCfg = Release|Win32
		{7D5384DE-246B-75B2-D4B0-E425D65A7097}.Release|Win32.Build.0 = Release|Win32
		{7E734BB8-5A2D-90CB-742E-ECC50C2429AE}.Release|x64.ActiveCfg = Release|x64
		{7E734BB8-5A2D-90CB-742E-ECC50C2429AE}.Release|x64.Build.0 = Release|x64
		{7E734BB8-5A2D-90CB-742E-ECC50C2429AE}.Debug|Win32.ActiveCfg = Debug|Win32
		{7E734BB8-5A2D-90CB-742E-ECC50C2429AE}.Debug|Win32.Build.0 = Debug|Win32
		{7E734BB8-5A2D-90CB-742E-ECC50C2429AE}.Debug|x64.ActiveCfg = Debug|x64
		{7E734BB8-5A2D-90CB-742E-ECC50C2429AE}.Debug|x64.Build.0 = Debug|x64
		{7E734BB8-5A2D-90CB-742E-ECC50C2429AE}.Release|Win32.ActiveCfg = Release|Win32
		{7E734BB8-5A2D-90CB-742E-ECC50C2429AE}.Release|Win32.Build.0 = Release|Win32
		{82335C0C-848C-F9D7-FE18-4357C0FB9192}.Release|x64.ActiveCfg = Release|x64
		{82335C0C-848C-F9D7-FE18-4357C0FB9192}.Release|x64.Build.0 = Release|x64
		{82335C0C-848C-F9D7-FE18-4357C0FB9192}.Debug|Win32.ActiveCfg = Debug|Win32
		{82335C0C-848C-F9D7-FE18-4357C0FB9192}.Debug|Win32.Build.0 = Debug|Win32
		{82335C0C-848C-F9D7-FE18-4357C0FB9192}.Debug|x64.ActiveCfg = Debug|x64
		{82335C0C-848C-F9D7-FE18-4357C0FB9192}.Debug|x64.Build.0 = Debug|x64
		{82335C0C-848C-F9D7-FE18-4357C0FB9192}.Release|Win32.ActiveCfg = Release|Win32
		{82335C0C-848C-F9D7-FE18-4357C0FB9192}.Release|Win32.Build.0 = Release|Win32
		{90D88F34-E217-7429-765B-B01BBC2ED92B}.Release|x64.ActiveCfg = Release|x64
		{90D88F34-E217-7429-765B-B01BBC2ED92B}.Release|x64.Build.0 = Release|x64
		{90D88F34-E217-7429-765B-B01BBC2ED92B}.Debug|Win32.ActiveCfg = Debug|Win32
		{90D88F34-E217-7429-765B-B01BBC2ED92B}.Debug|Win32.Build.0 = Debug|Win32
		{90D88F34-E217-7429-765B-B01BBC2ED92B}.Debug|x64.ActiveCfg = Debug|x64
		{90D88F34-E217-7429-765B-B01BBC2ED92B}.Debug|x64.Build.0 = Debug|x64
		{90D88F34-E217-7429-765B-B01BBC2ED92B}.Release|Win32.ActiveCfg = Release|Win32
		{90D88F34-E217-7429-765B-B01BBC2ED92B}.Release|Win32.Build.0 = Release|Win32
		{954F4321-D54D-31AD-4BEA-7204E7CB4D05}.Release|x64.ActiveCfg = Release|x64
		{954F4321-D54D-31AD-4BEA-7204E7CB4D05}.Release|x64.Build.0 = Release|x64
		{954F4321-D54D-31AD-4BEA-7204E7CB4D05}.Debug|Win32.ActiveCfg = Debug|Win32
		{954F4321-D54D-31AD-4BEA-7204E7CB4D05}.Debug|Win32.Build.0 = Debug|Win32
		{954F4321-D54D-31AD-4BEA-7204E7CB4D05}.Debug|x64.ActiveCfg = Debug|x64
		{954F4321-D54D-31AD-4BEA-7204E7CB4D05}.Debug|x64.Build.0 = Debug|x64
		{954F4321-D54D-31AD-4BEA-7204E7CB4D05}.Release|Win32.ActiveCfg = Release|Win32
		{954F4321-D54D-31AD-4BEA-7204E7CB4D05}.Release|Win32.Build.0 = Release|Win32
		{9EA0716A-8BEA-F2D2-2C43-B60662949E66}.Release|x64.ActiveCfg = Release|x64
		{9EA0716A-8BEA-F2D2-2C43-B60662949E66}.Release|x64.Build.0 = Release|x64
		{9EA0716A-8BEA-F2D2-2C43-B60662949E66}.Debug|Win32.ActiveCfg = Debug|Win32
		{9EA0716A-8BEA-F2D2-2C43-B60662949E66}.Debug|Win32.Build.0 = Debug|Win32
		{9EA0716A-8BEA-F2D2-2C43-B60662949E66}.Debug|x64.ActiveCfg = Debug|x64
		{9EA0716A-8BEA-F2D2-2C43-B60662949E66}.Debug|x64.Build.0 = Debug|x64
		{9EA0716A-8BEA-F2D2-2C43-B60662949E66}.Release|Win32.ActiveCfg = Release|Win32
		{9EA0716A-8BEA-F2D2-2C43-B60662949E66}.Release|Win32.Build.0 = Release|Win32
		{A1050AF8-8344-65F3-7084-AD1F61562288}.Release|x64.ActiveCfg = Release|x64
		{A1050AF8-8344-65F3-7084-AD1F61562288}.Release|x64.Build.0 = Release|x64
		{A1050AF8-8344-65F3-7084-AD1F61562288}.Debug|Win32.ActiveCfg = Debug|Win32
		{A1050AF8-8344-65F3-7084-AD1F61562288}.Debug|Win32.Build.0 = Debug|Win32
		{A1050AF8-8344-65F3-7084-AD1F61562288}.Debug|x64.ActiveCfg = Debug|x64
		{A1050AF8-8344-65F3-7084-AD1F61562288}.Debug|x64.Build.0 = Debug|x64
		{A1050AF8-8344-65F3-7084-AD1F61562288}.Release|Win32.ActiveCfg = Release|Win32
		{A1050AF8-8344-65F3-7084-AD1F61562288}.Release|Win32.Build.0 = Release|Win32
		{A290054E-6CD0-53F7-4C61-94C7143A66E9}.Release|x64.ActiveCfg = Release|x64
		{A290054E-6CD0-53F7-4C61-94C7143A66E9}.Release|x64.Build.0 = Release|x64
		{A290054E-6CD0-53F7-4C61-94C7143A66E9}.Debug|Win32.ActiveCfg = Debug|Win32
		{A290054E-6CD0-53F7-4C61-94C7143A66E9}.Debug|Win32.Build.0 = Debug|Win32
		{A290054E-6CD0-53F7-4C61-94C7143A66E9}.Debug|x64.ActiveCfg = Debug|x64
		{A290054E-6CD0-53F7-4C61-94C7143A66E9}.Debug|x64.Build.0 = Debug|x64
		{A290054E-6CD0-53F7-4C61-94C7143A66E9}.Release|Win32.ActiveCfg = Release|Win32
		{A290054E-6CD0-53F7-4C61-94C7143A66E9}.Release|Win32.Build.0 = Release|Win32
		{A9917D4D-604F-1862-1B0C-8A8DE1ED02EC}.Release|x64.ActiveCfg = Release|x64
		{A9917D4D-604F-1862-1B0C-8A8DE1ED02EC}.Release|x64.Build.0 = Release|x64
		{A9917D4D-604F-1862-1B0C-8A8DE1ED02EC}.Debug|Win32.ActiveCfg = Debug|Win32
		{A9917D4D-604F-1862-1B0C-8A8DE1ED02EC}.Debug|Win32.Build.0 = Debug|Win32
		{A9917D4D-604F-1862-1B0C-8A8DE1ED02EC}.Debug|x64.ActiveCfg = Debug|x64
		{A9917D4D-604F-1862-1B0C-8A8DE1ED02EC}.Debug|x64.Build.0 = Debug|x64
		{A9917D4D-604F-1862-1B0C-8A8DE1ED02EC}.Release|Win32.ActiveCfg = Release|Win32
		{A9917D4D-604F-1862-1B0C-8A8DE1ED02EC}.Release|Win32.Build.0 = Release|Win32
		{B1BC808C-AA66-2D35-F15A-ABB375E3B0C3}.Release|x64.ActiveCfg = Release|x64
		{B1BC808C-AA66-2D35-F15A-ABB375E3B0C3}.Release|x64.Build.0 = Release|x64
		{B1BC808C-AA66-2D35-F15A-ABB375E3B0C3}.Debug|Win32.ActiveCfg = Debug|Win32
		{B1BC808C-AA66-2D35-F15A-ABB375E3B0C3}.Debug|Win32.Build.0 = Debug|Win32
		{B1BC808C-AA66-2D35-F15A-ABB375E3B0C3}.Debug|x64.ActiveCfg = Debug|x64
		{B1BC808C-AA66-2D35-F15A-ABB375E3B0C3}.Debug|x64.Build.0 = Debug|x64
		{B1BC808C-AA66-2D35-F15A-ABB375E3B0C3}.Release|Win32.ActiveCfg = Release|Win32
		{B1BC808C-AA66-2D35-F15A-ABB375E3B0C3}.Release|Win32.Build.0 = Release|Win32
		{C1ACF71D-EBC0-A9D0-9C10-1DE9501CC610}.Release|x64.ActiveCfg = Release|x64
		{C1ACF71D-EBC0-A9D0-9C10-1DE9501CC610}.Release|x64.Build.0 = Release|x64
		{C1ACF71D-EBC0-A9D0-9C10-1DE9501CC610}.Debug|Win32.ActiveCfg = Debug|Win32
		{C1ACF71D-EBC0-A9D0-9C10-1DE9501CC610}.Debug|Win32.Build.0 = Debug|Win32
		{C1ACF71D-EBC0-A9D0-9C10-1DE9501CC610}.Debug|x64.ActiveCfg = Debug|x64
		{C1ACF71D-EBC0-A9D0-9C10-1DE9501CC610}.Debug|x64.Build.0 = Debug|x64
		{C1ACF71D-EBC0-A9D0-9C10-1DE9501CC610}.Release|Win32.ActiveCfg = Release|Win32
		{C1ACF71D-EBC0-A9D0-9C10-1DE9501CC610}.Release|Win32.Build.0 = Release|Win32
		{E08F5A2D-6DBC-18FA-37D4-AF2E12F931F5}.Release|x64.ActiveCfg = Release|x64
		{E08F5A2D-6DBC-18FA-37D4-AF2E12F931F5}.Release|x64.Build.0 = Release|x64
		{E08F5A2D-6DBC-18FA-37D4-AF2E12F931F5}.Debug|Win32.ActiveCfg = Debug|Win32
		{E08F5A2D-6DBC-18FA-37D4-AF2E12F931F5}.Debug|Win32.Build.0 = Debug|Win32
		{E08F5A2D-6DBC-18FA-37D4-AF2E12F931F5}.Debug|x64.ActiveCfg = Debug|x64
		{E08F5A2D-6DBC-18FA-37D4-AF2E12F931F5}.Debug|x64.Build.0 = Debug|x64
		{E08F5A2D-6DBC-18FA-37D4-AF2E12F931F5}.Release|Win32.ActiveCfg = Release|Win32
		{E08F5A2D-6DBC-18FA-37D4-AF2E12F931F5}.Release|Win32.Build.0 = Release|Win32
	EndGlobalSection
	GlobalSection(SolutionProperties) = preSolution
		HideSolutionNode = FALSE
	EndGlobalSection
	GlobalSection(NestedProjects) = preSolution
		{C1ACF71D-EBC0-A9D0-9C10-1DE9501CC610} = {7FAA885C-04CF-4C6B-16F0-E9F0B44641AF}
		{7E734BB8-5A2D-90CB-742E-ECC50C2429AE} = {7FAA885C-04CF-4C6B-16F0-E9F0B44641AF}
		{90D88F34-E217-7429-765B-B01BBC2ED92B} = {7FAA885C-04CF-4C6B-16F0-E9F0B44641AF}
		{46E5974E-4185-4533-825E-B880486FF2B0} = {7FAA885C-04CF-4C6B-16F0-E9F0B44641AF}
		{B1BC808C-AA66-2D35-F15A-ABB375E3B0C3} = {7FAA885C-04CF-4C6B-16F0-E9F0B44641AF}
		{7D5384DE-246B-75B2-D4B0-E425D65A7097} = {7FAA885C-04CF-4C6B-16F0-E9F0B44641AF}
		{49C73932-0439-2FE5-4E06-E2862FE3A839} = {7FAA885C-04CF-4C6B-16F0-E9F0B44641AF}
		{A9917D4D-604F-1862-1B0C-8A8DE1ED02EC} = {7FAA885C-04CF-4C6B-16F0-E9F0B44641AF}
		{690D3A2C-20DB-3375-EDAE-F14F74A7BFD3} = {D4B5C02C-05F2-7D76-2F11-5BE68C1A2D89}
		{9EA0716A-8BEA-F2D2-2C43-B60662949E66} = {D4B5C02C-05F2-7D76-2F11-5BE68C1A2D89}
		{954F4321-D54D-31AD-4BEA-7204E7CB4D05} = {D4B5C02C-05F2-7D76-2F11-5BE68C1A2D89}
		{A1050AF8-8344-65F3-7084-AD1F61562288} = {F3BC0D42-B0CF-B5A5-CB24-2A332226E744}
		{D4B5C02C-05F2-7D76-2F11-5BE68C1A2D89} = {40CA7285-F0D3-E173-EC78-70644B0D87EB}
		{7FAA885C-04CF-4C6B-16F0-E9F0B44641AF} = {E95778BD-E4AC-C3D0-84EF-83684E04593A}
		{40CA7285-F0D3-E173-EC78-70644B0D87EB} = {F3545621-A177-A1E7-26DB-108FF716F075}
		{E95778BD-E4AC-C3D0-84EF-83684E04593A} = {F3545621-A177-A1E7-26DB-108FF716F075}
	EndGlobalSection
EndGlobal
